
Microsoft Visual Studio Solution File, Format Version 12.00
# Visual Studio Version 16
VisualStudioVersion = 16.0.31911.196
MinimumVisualStudioVersion = 10.0.40219.1
Project("{FAE04EC0-301F-11D3-BF4B-00C04F79EFBC}") = "AdoNetDemo", "AdoNetDemo.csproj", "{F7767B77-96C7-4475-8447-24D90CC47DD2}"
EndProject
Global
	GlobalSection(SolutionConfigurationPlatforms) = preSolution
		Debug|Any CPU = Debug|Any CPU
		Release|Any CPU = Release|Any CPU
	EndGlobalSection
	GlobalSection(ProjectConfigurationPlatforms) = postSolution
		{F7767B77-96C7-4475-8447-24D90CC47DD2}.Debug|Any CPU.ActiveCfg = Debug|Any CPU
		{F7767B77-96C7-4475-8447-24D90CC47DD2}.Debug|Any CPU.Build.0 = Debug|Any CPU
		{F7767B77-96C7-4475-8447-24D90CC47DD2}.Release|Any CPU.ActiveCfg = Release|Any CPU
		{F7767B77-96C7-4475-8447-24D90CC47DD2}.Release|Any CPU.Build.0 = Release|Any CPU
	EndGlobalSection
	GlobalSection(SolutionProperties) = preSolution
		HideSolutionNode = FALSE
	EndGlobalSection
	GlobalSection(ExtensibilityGlobals) = postSolution
		SolutionGuid = {6C906D78-7C51-4F84-89FD-81BB24F1FA2E}
	EndGlobalSection
EndGlobal
